
Microsoft Visual Studio Solution File, Format Version 12.00
# Visual Studio Version 16
VisualStudioVersion = 16.0.31025.194
MinimumVisualStudioVersion = 10.0.40219.1
Project("{8BC9CEB8-8B4A-11D0-8D11-00A0C91BC942}") = "Modest-GB", "Modest-GB.vcxproj", "{B9AB9CA9-B47E-4289-948F-4E922B4F9201}"
EndProject
Global
	GlobalSection(SolutionConfigurationPlatforms) = preSolution
		Debug|x64 = Debug|x64
		Debug|x86 = Debug|x86
		Release|x64 = Release|x64
		Release|x86 = Release|x86
	EndGlobalSection
	GlobalSection(ProjectConfigurationPlatforms) = postSolution
		{B9AB9CA9-B47E-4289-948F-4E922B4F9201}.Debug|x64.ActiveCfg = Debug|x64
		{B9AB9CA9-B47E-4289-948F-4E922B4F9201}.Debug|x64.Build.0 = Debug|x64
		{B9AB9CA9-B47E-4289-948F-4E922B4F9201}.Debug|x86.ActiveCfg = Debug|Win32
		{B9AB9CA9-B47E-4289-948F-4E922B4F9201}.Debug|x86.Build.0 = Debug|Win32
		{B9AB9CA9-B47E-4289-948F-4E922B4F9201}.Release|x64.ActiveCfg = Release|x64
		{B9AB9CA9-B47E-4289-948F-4E922B4F9201}.Release|x64.Build.0 = Release|x64
		{B9AB9CA9-B47E-4289-948F-4E922B4F9201}.Release|x86.ActiveCfg = Release|Win32
		{B9AB9CA9-B47E-4289-948F-4E922B4F9201}.Release|x86.Build.0 = Release|Win32
	EndGlobalSection
	GlobalSection(SolutionProperties) = preSolution
		HideSolutionNode = FALSE
	EndGlobalSection
	GlobalSection(ExtensibilityGlobals) = postSolution
		SolutionGuid = {01F8B925-CD1D-43DC-90C8-AC6EFDF7504E}
	EndGlobalSection
EndGlobal
